
Microsoft Visual Studio Solution File, Format Version 12.00
# Visual Studio 15
Project("{FAE04EC0-301F-11D3-BF4B-00C04F79EFBC}") = "Assembly-CSharp", "Assembly-CSharp.csproj", "{83D63BFA-4898-EBBE-3A42-484BECFC71EA}"
EndProject
Global
	GlobalSection(SolutionConfigurationPlatforms) = preSolution
		Debug|Any CPU = Debug|Any CPU
		Release|Any CPU = Release|Any CPU
	EndGlobalSection
	GlobalSection(ProjectConfigurationPlatforms) = postSolution
		{83D63BFA-4898-EBBE-3A42-484BECFC71EA}.Debug|Any CPU.ActiveCfg = Debug|Any CPU
		{83D63BFA-4898-EBBE-3A42-484BECFC71EA}.Debug|Any CPU.Build.0 = Debug|Any CPU
		{83D63BFA-4898-EBBE-3A42-484BECFC71EA}.Release|Any CPU.ActiveCfg = Release|Any CPU
		{83D63BFA-4898-EBBE-3A42-484BECFC71EA}.Release|Any CPU.Build.0 = Release|Any CPU
	EndGlobalSection
	GlobalSection(SolutionProperties) = preSolution
		HideSolutionNode = FALSE
	EndGlobalSection
EndGlobal
